
Microsoft Visual Studio Solution File, Format Version 12.00
# Visual Studio Version 16
VisualStudioVersion = 16.0.31424.327
MinimumVisualStudioVersion = 10.0.40219.1
Project("{FAE04EC0-301F-11D3-BF4B-00C04F79EFBC}") = "CaRo", "CaRo\CaRo.csproj", "{2FC97B0C-7E61-4241-A013-D2544C96E1B0}"
EndProject
Global
	GlobalSection(SolutionConfigurationPlatforms) = preSolution
		Debug|Any CPU = Debug|Any CPU
		Release|Any CPU = Release|Any CPU
	EndGlobalSection
	GlobalSection(ProjectConfigurationPlatforms) = postSolution
		{2FC97B0C-7E61-4241-A013-D2544C96E1B0}.Debug|Any CPU.ActiveCfg = Debug|Any CPU
		{2FC97B0C-7E61-4241-A013-D2544C96E1B0}.Debug|Any CPU.Build.0 = Debug|Any CPU
		{2FC97B0C-7E61-4241-A013-D2544C96E1B0}.Release|Any CPU.ActiveCfg = Release|Any CPU
		{2FC97B0C-7E61-4241-A013-D2544C96E1B0}.Release|Any CPU.Build.0 = Release|Any CPU
	EndGlobalSection
	GlobalSection(SolutionProperties) = preSolution
		HideSolutionNode = FALSE
	EndGlobalSection
	GlobalSection(ExtensibilityGlobals) = postSolution
		SolutionGuid = {C74B414F-B757-4DC4-B4B1-659A8817D312}
	EndGlobalSection
EndGlobal
